
Microsoft Visual Studio Solution File, Format Version 12.00
# Visual Studio Version 17
VisualStudioVersion = 17.7.34221.43
MinimumVisualStudioVersion = 10.0.40219.1
Project("{FAE04EC0-301F-11D3-BF4B-00C04F79EFBC}") = "SchoolManagementSystem", "SchoolManagementSystem\SchoolManagementSystem.csproj", "{48452389-A76D-438F-92B6-F25CB829FB5D}"
EndProject
Project("{FAE04EC0-301F-11D3-BF4B-00C04F79EFBC}") = "SchoolManagementSystem.Service", "SchoolManagementSystem.Service\SchoolManagementSystem.Service.csproj", "{60F99318-5D26-4BD8-A8DB-013C8B465A40}"
EndProject
Project("{FAE04EC0-301F-11D3-BF4B-00C04F79EFBC}") = "SchoolManagementSystem.DAL", "SchoolManagementSystem.DAL\SchoolManagementSystem.DAL.csproj", "{C0ADA046-9564-4410-BA22-8A8D95F7F736}"
EndProject
Global
	GlobalSection(SolutionConfigurationPlatforms) = preSolution
		Debug|Any CPU = Debug|Any CPU
		Release|Any CPU = Release|Any CPU
	EndGlobalSection
	GlobalSection(ProjectConfigurationPlatforms) = postSolution
		{48452389-A76D-438F-92B6-F25CB829FB5D}.Debug|Any CPU.ActiveCfg = Debug|Any CPU
		{48452389-A76D-438F-92B6-F25CB829FB5D}.Debug|Any CPU.Build.0 = Debug|Any CPU
		{48452389-A76D-438F-92B6-F25CB829FB5D}.Release|Any CPU.ActiveCfg = Release|Any CPU
		{48452389-A76D-438F-92B6-F25CB829FB5D}.Release|Any CPU.Build.0 = Release|Any CPU
		{60F99318-5D26-4BD8-A8DB-013C8B465A40}.Debug|Any CPU.ActiveCfg = Debug|Any CPU
		{60F99318-5D26-4BD8-A8DB-013C8B465A40}.Debug|Any CPU.Build.0 = Debug|Any CPU
		{60F99318-5D26-4BD8-A8DB-013C8B465A40}.Release|Any CPU.ActiveCfg = Release|Any CPU
		{60F99318-5D26-4BD8-A8DB-013C8B465A40}.Release|Any CPU.Build.0 = Release|Any CPU
		{C0ADA046-9564-4410-BA22-8A8D95F7F736}.Debug|Any CPU.ActiveCfg = Debug|Any CPU
		{C0ADA046-9564-4410-BA22-8A8D95F7F736}.Debug|Any CPU.Build.0 = Debug|Any CPU
		{C0ADA046-9564-4410-BA22-8A8D95F7F736}.Release|Any CPU.ActiveCfg = Release|Any CPU
		{C0ADA046-9564-4410-BA22-8A8D95F7F736}.Release|Any CPU.Build.0 = Release|Any CPU
	EndGlobalSection
	GlobalSection(SolutionProperties) = preSolution
		HideSolutionNode = FALSE
	EndGlobalSection
	GlobalSection(ExtensibilityGlobals) = postSolution
		SolutionGuid = {C3B1DE94-3E77-4A92-80F7-BF16595F9B2E}
	EndGlobalSection
EndGlobal
